// !$*UTF8*$!
{
	archiveVersion = 1;
	classes = {
	};
	objectVersion = 46;
	objects = {

/* Begin PBXBuildFile section */
		03D5F1D41A5CEA9500A9140D /* AppDelegate.swift in Sources */ = {isa = PBXBuildFile; fileRef = 03D5F1D31A5CEA9500A9140D /* AppDelegate.swift */; };
		03D5F1D61A5CEA9500A9140D /* ViewController.swift in Sources */ = {isa = PBXBuildFile; fileRef = 03D5F1D51A5CEA9500A9140D /* ViewController.swift */; };
		03D5F1D91A5CEA9500A9140D /* Main.storyboard in Resources */ = {isa = PBXBuildFile; fileRef = 03D5F1D71A5CEA9500A9140D /* Main.storyboard */; };
		03D5F1DB1A5CEA9500A9140D /* Images.xcassets in Resources */ = {isa = PBXBuildFile; fileRef = 03D5F1DA1A5CEA9500A9140D /* Images.xcassets */; };
		03D5F1DE1A5CEA9500A9140D /* LaunchScreen.xib in Resources */ = {isa = PBXBuildFile; fileRef = 03D5F1DC1A5CEA9500A9140D /* LaunchScreen.xib */; };
		03D5F1EA1A5CEA9500A9140D /* testTests.swift in Sources */ = {isa = PBXBuildFile; fileRef = 03D5F1E91A5CEA9500A9140D /* testTests.swift */; };
/* End PBXBuildFile section */

/* Begin PBXContainerItemProxy section */
		03D5F1E41A5CEA9500A9140D /* PBXContainerItemProxy */ = {
			isa = PBXContainerItemProxy;
			containerPortal = 03D5F1C61A5CEA9500A9140D /* Project object */;
			proxyType = 1;
			remoteGlobalIDString = 03D5F1CD1A5CEA9500A9140D;
			remoteInfo = test;
		};
/* End PBXContainerItemProxy section */

/* Begin PBXFileReference section */
		03D5F1CE1A5CEA9500A9140D /* test.app */ = {isa = PBXFileReference; explicitFileType = wrapper.application; includeInIndex = 0; path = test.app; sourceTree = BUILT_PRODUCTS_DIR; };
		03D5F1D21A5CEA9500A9140D /* Info.plist */ = {isa = PBXFileReference; lastKnownFileType = text.plist.xml; path = Info.plist; sourceTree = "<group>"; };
		03D5F1D31A5CEA9500A9140D /* AppDelegate.swift */ = {isa = PBXFileReference; lastKnownFileType = sourcecode.swift; path = AppDelegate.swift; sourceTree = "<group>"; };
		03D5F1D51A5CEA9500A9140D /* ViewController.swift */ = {isa = PBXFileReference; lastKnownFileType = sourcecode.swift; path = ViewController.swift; sourceTree = "<group>"; };
		03D5F1D81A5CEA9500A9140D /* Base */ = {isa = PBXFileReference; lastKnownFileType = file.storyboard; name = Base; path = Base.lproj/Main.storyboard; sourceTree = "<group>"; };
		03D5F1DA1A5CEA9500A9140D /* Images.xcassets */ = {isa = PBXFileReference; lastKnownFileType = folder.assetcatalog; path = Images.xcassets; sourceTree = "<group>"; };
		03D5F1DD1A5CEA9500A9140D /* Base */ = {isa = PBXFileReference; lastKnownFileType = file.xib; name = Base; path = Base.lproj/LaunchScreen.xib; sourceTree = "<group>"; };
		03D5F1E31A5CEA9500A9140D /* testTests.xctest */ = {isa = PBXFileReference; explicitFileType = wrapper.cfbundle; includeInIndex = 0; path = testTests.xctest; sourceTree = BUILT_PRODUCTS_DIR; };
		03D5F1E81A5CEA9500A9140D /* Info.plist */ = {isa = PBXFileReference; lastKnownFileType = text.plist.xml; path = Info.plist; sourceTree = "<group>"; };
		03D5F1E91A5CEA9500A9140D /* testTests.swift */ = {isa = PBXFileReference; lastKnownFileType = sourcecode.swift; path = testTests.swift; sourceTree = "<group>"; };
/* End PBXFileReference section */

/* Begin PBXFrameworksBuildPhase section */
		03D5F1CB1A5CEA9500A9140D /* Frameworks */ = {
			isa = PBXFrameworksBuildPhase;
			buildActionMask = 2147483647;
			files = (
			);
			runOnlyForDeploymentPostprocessing = 0;
		};
		03D5F1E01A5CEA9500A9140D /* Frameworks */ = {
			isa = PBXFrameworksBuildPhase;
			buildActionMask = 2147483647;
			files = (
			);
			runOnlyForDeploymentPostprocessing = 0;
		};
/* End PBXFrameworksBuildPhase section */

/* Begin PBXGroup section */
		03D5F1C51A5CEA9500A9140D = {
			isa = PBXGroup;
			children = (
				03D5F1D01A5CEA9500A9140D /* test */,
				03D5F1E61A5CEA9500A9140D /* testTests */,
				03D5F1CF1A5CEA9500A9140D /* Products */,
			);
			sourceTree = "<group>";
		};
		03D5F1CF1A5CEA9500A9140D /* Products */ = {
			isa = PBXGroup;
			children = (
				03D5F1CE1A5CEA9500A9140D /* test.app */,
				03D5F1E31A5CEA9500A9140D /* testTests.xctest */,
			);
			name = Products;
			sourceTree = "<group>";
		};
		03D5F1D01A5CEA9500A9140D /* test */ = {
			isa = PBXGroup;
			children = (
				03D5F1D31A5CEA9500A9140D /* AppDelegate.swift */,
				03D5F1D51A5CEA9500A9140D /* ViewController.swift */,
				03D5F1D71A5CEA9500A9140D /* Main.storyboard */,
				03D5F1DA1A5CEA9500A9140D /* Images.xcassets */,
				03D5F1DC1A5CEA9500A9140D /* LaunchScreen.xib */,
				03D5F1D11A5CEA9500A9140D /* Supporting Files */,
			);
			path = test;
			sourceTree = "<group>";
		};
		03D5F1D11A5CEA9500A9140D /* Supporting Files */ = {
			isa = PBXGroup;
			children = (
				03D5F1D21A5CEA9500A9140D /* Info.plist */,
			);
			name = "Supporting Files";
			sourceTree = "<group>";
		};
		03D5F1E61A5CEA9500A9140D /* testTests */ = {
			isa = PBXGroup;
			children = (
				03D5F1E91A5CEA9500A9140D /* testTests.swift */,
				03D5F1E71A5CEA9500A9140D /* Supporting Files */,
			);
			path = testTests;
			sourceTree = "<group>";
		};
		03D5F1E71A5CEA9500A9140D /* Supporting Files */ = {
			isa = PBXGroup;
			children = (
				03D5F1E81A5CEA9500A9140D /* Info.plist */,
			);
			name = "Supporting Files";
			sourceTree = "<group>";
		};
/* End PBXGroup section */

/* Begin PBXNativeTarget section */
		03D5F1CD1A5CEA9500A9140D /* test */ = {
			isa = PBXNativeTarget;
			buildConfigurationList = 03D5F1ED1A5CEA9500A9140D /* Build configuration list for PBXNativeTarget "test" */;
			buildPhases = (
				03D5F1CA1A5CEA9500A9140D /* Sources */,
				03D5F1CB1A5CEA9500A9140D /* Frameworks */,
				03D5F1CC1A5CEA9500A9140D /* Resources */,
			);
			buildRules = (
			);
			dependencies = (
			);
			name = test;
			productName = test;
			productReference = 03D5F1CE1A5CEA9500A9140D /* test.app */;
			productType = "com.apple.product-type.application";
		};
		03D5F1E21A5CEA9500A9140D /* testTests */ = {
			isa = PBXNativeTarget;
			buildConfigurationList = 03D5F1F01A5CEA9500A9140D /* Build configuration list for PBXNativeTarget "testTests" */;
			buildPhases = (
				03D5F1DF1A5CEA9500A9140D /* Sources */,
				03D5F1E01A5CEA9500A9140D /* Frameworks */,
				03D5F1E11A5CEA9500A9140D /* Resources */,
			);
			buildRules = (
			);
			dependencies = (
				03D5F1E51A5CEA9500A9140D /* PBXTargetDependency */,
			);
			name = testTests;
			productName = testTests;
			productReference = 03D5F1E31A5CEA9500A9140D /* testTests.xctest */;
			productType = "com.apple.product-type.bundle.unit-test";
		};
/* End PBXNativeTarget section */

/* Begin PBXProject section */
		03D5F1C61A5CEA9500A9140D /* Project object */ = {
			isa = PBXProject;
			attributes = {
				LastUpgradeCheck = 0610;
				ORGANIZATIONNAME = "Devin Yang";
				TargetAttributes = {
					03D5F1CD1A5CEA9500A9140D = {
						CreatedOnToolsVersion = 6.1.1;
					};
					03D5F1E21A5CEA9500A9140D = {
						CreatedOnToolsVersion = 6.1.1;
						TestTargetID = 03D5F1CD1A5CEA9500A9140D;
					};
				};
			};
			buildConfigurationList = 03D5F1C91A5CEA9500A9140D /* Build configuration list for PBXProject "test" */;
			compatibilityVersion = "Xcode 3.2";
			developmentRegion = English;
			hasScannedForEncodings = 0;
			knownRegions = (
				en,
				Base,
			);
			mainGroup = 03D5F1C51A5CEA9500A9140D;
			productRefGroup = 03D5F1CF1A5CEA9500A9140D /* Products */;
			projectDirPath = "";
			projectRoot = "";
			targets = (
				03D5F1CD1A5CEA9500A9140D /* test */,
				03D5F1E21A5CEA9500A9140D /* testTests */,
			);
		};
/* End PBXProject section */

/* Begin PBXResourcesBuildPhase section */
		03D5F1CC1A5CEA9500A9140D /* Resources */ = {
			isa = PBXResourcesBuildPhase;
			buildActionMask = 2147483647;
			files = (
				03D5F1D91A5CEA9500A9140D /* Main.storyboard in Resources */,
				03D5F1DE1A5CEA9500A9140D /* LaunchScreen.xib in Resources */,
				03D5F1DB1A5CEA9500A9140D /* Images.xcassets in Resources */,
			);
			runOnlyForDeploymentPostprocessing = 0;
		};
		03D5F1E11A5CEA9500A9140D /* Resources */ = {
			isa = PBXResourcesBuildPhase;
			buildActionMask = 2147483647;
			files = (
			);
			runOnlyForDeploymentPostprocessing = 0;
		};
/* End PBXResourcesBuildPhase section */

/* Begin PBXSourcesBuildPhase section */
		03D5F1CA1A5CEA9500A9140D /* Sources */ = {
			isa = PBXSourcesBuildPhase;
			buildActionMask = 2147483647;
			files = (
				03D5F1D61A5CEA9500A9140D /* ViewController.swift in Sources */,
				03D5F1D41A5CEA9500A9140D /* AppDelegate.swift in Sources */,
			);
			runOnlyForDeploymentPostprocessing = 0;
		};
		03D5F1DF1A5CEA9500A9140D /* Sources */ = {
			isa = PBXSourcesBuildPhase;
			buildActionMask = 2147483647;
			files = (
				03D5F1EA1A5CEA9500A9140D /* testTests.swift in Sources */,
			);
			runOnlyForDeploymentPostprocessing = 0;
		};
/* End PBXSourcesBuildPhase section */

/* Begin PBXTargetDependency section */
		03D5F1E51A5CEA9500A9140D /* PBXTargetDependency */ = {
			isa = PBXTargetDependency;
			target = 03D5F1CD1A5CEA9500A9140D /* test */;
			targetProxy = 03D5F1E41A5CEA9500A9140D /* PBXContainerItemProxy */;
		};
/* End PBXTargetDependency section */

/* Begin PBXVariantGroup section */
		03D5F1D71A5CEA9500A9140D /* Main.storyboard */ = {
			isa = PBXVariantGroup;
			children = (
				03D5F1D81A5CEA9500A9140D /* Base */,
			);
			name = Main.storyboard;
			sourceTree = "<group>";
		};
		03D5F1DC1A5CEA9500A9140D /* LaunchScreen.xib */ = {
			isa = PBXVariantGroup;
			children = (
				03D5F1DD1A5CEA9500A9140D /* Base */,
			);
			name = LaunchScreen.xib;
			sourceTree = "<group>";
		};
/* End PBXVariantGroup section */

/* Begin XCBuildConfiguration section */
		03D5F1EB1A5CEA9500A9140D /* Debug */ = {
			isa = XCBuildConfiguration;
			buildSettings = {
				ALWAYS_SEARCH_USER_PATHS = NO;
				CLANG_CXX_LANGUAGE_STANDARD = "gnu++0x";
				CLANG_CXX_LIBRARY = "libc++";
				CLANG_ENABLE_MODULES = YES;
				CLANG_ENABLE_OBJC_ARC = YES;
				CLANG_WARN_BOOL_CONVERSION = YES;
				CLANG_WARN_CONSTANT_CONVERSION = YES;
				CLANG_WARN_DIRECT_OBJC_ISA_USAGE = YES_ERROR;
				CLANG_WARN_EMPTY_BODY = YES;
				CLANG_WARN_ENUM_CONVERSION = YES;
				CLANG_WARN_INT_CONVERSION = YES;
				CLANG_WARN_OBJC_ROOT_CLASS = YES_ERROR;
				CLANG_WARN_UNREACHABLE_CODE = YES;
				CLANG_WARN__DUPLICATE_METHOD_MATCH = YES;
				"CODE_SIGN_IDENTITY[sdk=iphoneos*]" = "iPhone Developer";
				COPY_PHASE_STRIP = NO;
				ENABLE_STRICT_OBJC_MSGSEND = YES;
				GCC_C_LANGUAGE_STANDARD = gnu99;
				GCC_DYNAMIC_NO_PIC = NO;
				GCC_OPTIMIZATION_LEVEL = 0;
				GCC_PREPROCESSOR_DEFINITIONS = (
					"DEBUG=1",
					"$(inherited)",
				);
				GCC_SYMBOLS_PRIVATE_EXTERN = NO;
				GCC_WARN_64_TO_32_BIT_CONVERSION = YES;
				GCC_WARN_ABOUT_RETURN_TYPE = YES_ERROR;
				GCC_WARN_UNDECLARED_SELECTOR = YES;
				GCC_WARN_UNINITIALIZED_AUTOS = YES_AGGRESSIVE;
				GCC_WARN_UNUSED_FUNCTION = YES;
				GCC_WARN_UNUSED_VARIABLE = YES;
				IPHONEOS_DEPLOYMENT_TARGET = 8.1;
				MTL_ENABLE_DEBUG_INFO = YES;
				ONLY_ACTIVE_ARCH = YES;
				SDKROOT = iphoneos;
				SWIFT_OPTIMIZATION_LEVEL = "-Onone";
				TARGETED_DEVICE_FAMILY = "1,2";
			};
			name = Debug;
		};
		03D5F1EC1A5CEA9500A9140D /* Release */ = {
			isa = XCBuildConfiguration;
			buildSettings = {
				ALWAYS_SEARCH_USER_PATHS = NO;
				CLANG_CXX_LANGUAGE_STANDARD = "gnu++0x";
				CLANG_CXX_LIBRARY = "libc++";
				CLANG_ENABLE_MODULES = YES;
				CLANG_ENABLE_OBJC_ARC = YES;
				CLANG_WARN_BOOL_CONVERSION = YES;
				CLANG_WARN_CONSTANT_CONVERSION = YES;
				CLANG_WARN_DIRECT_OBJC_ISA_USAGE = YES_ERROR;
				CLANG_WARN_EMPTY_BODY = YES;
				CLANG_WARN_ENUM_CONVERSION = YES;
				CLANG_WARN_INT_CONVERSION = YES;
				CLANG_WARN_OBJC_ROOT_CLASS = YES_ERROR;
				CLANG_WARN_UNREACHABLE_CODE = YES;
				CLANG_WARN__DUPLICATE_METHOD_MATCH = YES;
				"CODE_SIGN_IDENTITY[sdk=iphoneos*]" = "iPhone Developer";
				COPY_PHASE_STRIP = YES;
				ENABLE_NS_ASSERTIONS = NO;
				ENABLE_STRICT_OBJC_MSGSEND = YES;
				GCC_C_LANGUAGE_STANDARD = gnu99;
				GCC_WARN_64_TO_32_BIT_CONVERSION = YES;
				GCC_WARN_ABOUT_RETURN_TYPE = YES_ERROR;
				GCC_WARN_UNDECLARED_SELECTOR = YES;
				GCC_WARN_UNINITIALIZED_AUTOS = YES_AGGRESSIVE;
				GCC_WARN_UNUSED_FUNCTION = YES;
				GCC_WARN_UNUSED_VARIABLE = YES;
				IPHONEOS_DEPLOYMENT_TARGET = 8.1;
				MTL_ENABLE_DEBUG_INFO = NO;
				SDKROOT = iphoneos;
				TARGETED_DEVICE_FAMILY = "1,2";
				VALIDATE_PRODUCT = YES;
			};
			name = Release;
		};
		03D5F1EE1A5CEA9500A9140D /* Debug */ = {
			isa = XCBuildConfiguration;
			buildSettings = {
				ASSETCATALOG_COMPILER_APPICON_NAME = AppIcon;
				INFOPLIST_FILE = test/Info.plist;
				LD_RUNPATH_SEARCH_PATHS = "$(inherited) @executable_path/Frameworks";
				PRODUCT_NAME = "$(TARGET_NAME)";
			};
			name = Debug;
		};
		03D5F1EF1A5CEA9500A9140D /* Release */ = {
			isa = XCBuildConfiguration;
			buildSettings = {
				ASSETCATALOG_COMPILER_APPICON_NAME = AppIcon;
				INFOPLIST_FILE = test/Info.plist;
				LD_RUNPATH_SEARCH_PATHS = "$(inherited) @executable_path/Frameworks";
				PRODUCT_NAME = "$(TARGET_NAME)";
			};
			name = Release;
		};
		03D5F1F11A5CEA9500A9140D /* Debug */ = {
			isa = XCBuildConfiguration;
			buildSettings = {
				BUNDLE_LOADER = "$(TEST_HOST)";
				FRAMEWORK_SEARCH_PATHS = (
					"$(SDKROOT)/Developer/Library/Frameworks",
					"$(inherited)",
				);
				GCC_PREPROCESSOR_DEFINITIONS = (
					"DEBUG=1",
					"$(inherited)",
				);
				INFOPLIST_FILE = testTests/Info.plist;
				LD_RUNPATH_SEARCH_PATHS = "$(inherited) @executable_path/Frameworks @loader_path/Frameworks";
				PRODUCT_NAME = "$(TARGET_NAME)";
				TEST_HOST = "$(BUILT_PRODUCTS_DIR)/test.app/test";
			};
			name = Debug;
		};
		03D5F1F21A5CEA9500A9140D /* Release */ = {
			isa = XCBuildConfiguration;
			buildSettings = {
				BUNDLE_LOADER = "$(TEST_HOST)";
				FRAMEWORK_SEARCH_PATHS = (
					"$(SDKROOT)/Developer/Library/Frameworks",
					"$(inherited)",
				);
				INFOPLIST_FILE = testTests/Info.plist;
				LD_RUNPATH_SEARCH_PATHS = "$(inherited) @executable_path/Frameworks @loader_path/Frameworks";
				PRODUCT_NAME = "$(TARGET_NAME)";
				TEST_HOST = "$(BUILT_PRODUCTS_DIR)/test.app/test";
			};
			name = Release;
		};
/* End XCBuildConfiguration section */

/* Begin XCConfigurationList section */
		03D5F1C91A5CEA9500A9140D /* Build configuration list for PBXProject "test" */ = {
			isa = XCConfigurationList;
			buildConfigurations = (
				03D5F1EB1A5CEA9500A9140D /* Debug */,
				03D5F1EC1A5CEA9500A9140D /* Release */,
			);
			defaultConfigurationIsVisible = 0;
			defaultConfigurationName = Release;
		};
		03D5F1ED1A5CEA9500A9140D /* Build configuration list for PBXNativeTarget "test" */ = {
			isa = XCConfigurationList;
			buildConfigurations = (
				03D5F1EE1A5CEA9500A9140D /* Debug */,
				03D5F1EF1A5CEA9500A9140D /* Release */,
			);
			defaultConfigurationIsVisible = 0;
		};
		03D5F1F01A5CEA9500A9140D /* Build configuration list for PBXNativeTarget "testTests" */ = {
			isa = XCConfigurationList;
			buildConfigurations = (
				03D5F1F11A5CEA9500A9140D /* Debug */,
				03D5F1F21A5CEA9500A9140D /* Release */,
			);
			defaultConfigurationIsVisible = 0;
		};
/* End XCConfigurationList section */
	};
	rootObject = 03D5F1C61A5CEA9500A9140D /* Project object */;
}
