// !$*UTF8*$!
{
	archiveVersion = 1;
	classes = {
	};
	objectVersion = 46;
	objects = {

/* Begin PBXBuildFile section */
		03033CD41A56CCD00002DB8F /* AppDelegate.swift in Sources */ = {isa = PBXBuildFile; fileRef = 03033CD31A56CCD00002DB8F /* AppDelegate.swift */; };
		03033CD61A56CCD00002DB8F /* ViewController.swift in Sources */ = {isa = PBXBuildFile; fileRef = 03033CD51A56CCD00002DB8F /* ViewController.swift */; };
		03033CD91A56CCD00002DB8F /* Main.storyboard in Resources */ = {isa = PBXBuildFile; fileRef = 03033CD71A56CCD00002DB8F /* Main.storyboard */; };
		03033CDB1A56CCD00002DB8F /* Images.xcassets in Resources */ = {isa = PBXBuildFile; fileRef = 03033CDA1A56CCD00002DB8F /* Images.xcassets */; };
		03033CDE1A56CCD00002DB8F /* LaunchScreen.xib in Resources */ = {isa = PBXBuildFile; fileRef = 03033CDC1A56CCD00002DB8F /* LaunchScreen.xib */; };
		03033CEA1A56CCD00002DB8F /* UIActivityViewControllerTests.swift in Sources */ = {isa = PBXBuildFile; fileRef = 03033CE91A56CCD00002DB8F /* UIActivityViewControllerTests.swift */; };
/* End PBXBuildFile section */

/* Begin PBXContainerItemProxy section */
		03033CE41A56CCD00002DB8F /* PBXContainerItemProxy */ = {
			isa = PBXContainerItemProxy;
			containerPortal = 03033CC61A56CCD00002DB8F /* Project object */;
			proxyType = 1;
			remoteGlobalIDString = 03033CCD1A56CCD00002DB8F;
			remoteInfo = UIActivityViewController;
		};
/* End PBXContainerItemProxy section */

/* Begin PBXFileReference section */
		03033CCE1A56CCD00002DB8F /* UIActivityViewController.app */ = {isa = PBXFileReference; explicitFileType = wrapper.application; includeInIndex = 0; path = UIActivityViewController.app; sourceTree = BUILT_PRODUCTS_DIR; };
		03033CD21A56CCD00002DB8F /* Info.plist */ = {isa = PBXFileReference; lastKnownFileType = text.plist.xml; path = Info.plist; sourceTree = "<group>"; };
		03033CD31A56CCD00002DB8F /* AppDelegate.swift */ = {isa = PBXFileReference; lastKnownFileType = sourcecode.swift; path = AppDelegate.swift; sourceTree = "<group>"; };
		03033CD51A56CCD00002DB8F /* ViewController.swift */ = {isa = PBXFileReference; lastKnownFileType = sourcecode.swift; path = ViewController.swift; sourceTree = "<group>"; };
		03033CD81A56CCD00002DB8F /* Base */ = {isa = PBXFileReference; lastKnownFileType = file.storyboard; name = Base; path = Base.lproj/Main.storyboard; sourceTree = "<group>"; };
		03033CDA1A56CCD00002DB8F /* Images.xcassets */ = {isa = PBXFileReference; lastKnownFileType = folder.assetcatalog; path = Images.xcassets; sourceTree = "<group>"; };
		03033CDD1A56CCD00002DB8F /* Base */ = {isa = PBXFileReference; lastKnownFileType = file.xib; name = Base; path = Base.lproj/LaunchScreen.xib; sourceTree = "<group>"; };
		03033CE31A56CCD00002DB8F /* UIActivityViewControllerTests.xctest */ = {isa = PBXFileReference; explicitFileType = wrapper.cfbundle; includeInIndex = 0; path = UIActivityViewControllerTests.xctest; sourceTree = BUILT_PRODUCTS_DIR; };
		03033CE81A56CCD00002DB8F /* Info.plist */ = {isa = PBXFileReference; lastKnownFileType = text.plist.xml; path = Info.plist; sourceTree = "<group>"; };
		03033CE91A56CCD00002DB8F /* UIActivityViewControllerTests.swift */ = {isa = PBXFileReference; lastKnownFileType = sourcecode.swift; path = UIActivityViewControllerTests.swift; sourceTree = "<group>"; };
/* End PBXFileReference section */

/* Begin PBXFrameworksBuildPhase section */
		03033CCB1A56CCD00002DB8F /* Frameworks */ = {
			isa = PBXFrameworksBuildPhase;
			buildActionMask = 2147483647;
			files = (
			);
			runOnlyForDeploymentPostprocessing = 0;
		};
		03033CE01A56CCD00002DB8F /* Frameworks */ = {
			isa = PBXFrameworksBuildPhase;
			buildActionMask = 2147483647;
			files = (
			);
			runOnlyForDeploymentPostprocessing = 0;
		};
/* End PBXFrameworksBuildPhase section */

/* Begin PBXGroup section */
		03033CC51A56CCD00002DB8F = {
			isa = PBXGroup;
			children = (
				03033CD01A56CCD00002DB8F /* UIActivityViewController */,
				03033CE61A56CCD00002DB8F /* UIActivityViewControllerTests */,
				03033CCF1A56CCD00002DB8F /* Products */,
			);
			sourceTree = "<group>";
		};
		03033CCF1A56CCD00002DB8F /* Products */ = {
			isa = PBXGroup;
			children = (
				03033CCE1A56CCD00002DB8F /* UIActivityViewController.app */,
				03033CE31A56CCD00002DB8F /* UIActivityViewControllerTests.xctest */,
			);
			name = Products;
			sourceTree = "<group>";
		};
		03033CD01A56CCD00002DB8F /* UIActivityViewController */ = {
			isa = PBXGroup;
			children = (
				03033CD31A56CCD00002DB8F /* AppDelegate.swift */,
				03033CD51A56CCD00002DB8F /* ViewController.swift */,
				03033CD71A56CCD00002DB8F /* Main.storyboard */,
				03033CDA1A56CCD00002DB8F /* Images.xcassets */,
				03033CDC1A56CCD00002DB8F /* LaunchScreen.xib */,
				03033CD11A56CCD00002DB8F /* Supporting Files */,
			);
			path = UIActivityViewController;
			sourceTree = "<group>";
		};
		03033CD11A56CCD00002DB8F /* Supporting Files */ = {
			isa = PBXGroup;
			children = (
				03033CD21A56CCD00002DB8F /* Info.plist */,
			);
			name = "Supporting Files";
			sourceTree = "<group>";
		};
		03033CE61A56CCD00002DB8F /* UIActivityViewControllerTests */ = {
			isa = PBXGroup;
			children = (
				03033CE91A56CCD00002DB8F /* UIActivityViewControllerTests.swift */,
				03033CE71A56CCD00002DB8F /* Supporting Files */,
			);
			path = UIActivityViewControllerTests;
			sourceTree = "<group>";
		};
		03033CE71A56CCD00002DB8F /* Supporting Files */ = {
			isa = PBXGroup;
			children = (
				03033CE81A56CCD00002DB8F /* Info.plist */,
			);
			name = "Supporting Files";
			sourceTree = "<group>";
		};
/* End PBXGroup section */

/* Begin PBXNativeTarget section */
		03033CCD1A56CCD00002DB8F /* UIActivityViewController */ = {
			isa = PBXNativeTarget;
			buildConfigurationList = 03033CED1A56CCD00002DB8F /* Build configuration list for PBXNativeTarget "UIActivityViewController" */;
			buildPhases = (
				03033CCA1A56CCD00002DB8F /* Sources */,
				03033CCB1A56CCD00002DB8F /* Frameworks */,
				03033CCC1A56CCD00002DB8F /* Resources */,
			);
			buildRules = (
			);
			dependencies = (
			);
			name = UIActivityViewController;
			productName = UIActivityViewController;
			productReference = 03033CCE1A56CCD00002DB8F /* UIActivityViewController.app */;
			productType = "com.apple.product-type.application";
		};
		03033CE21A56CCD00002DB8F /* UIActivityViewControllerTests */ = {
			isa = PBXNativeTarget;
			buildConfigurationList = 03033CF01A56CCD00002DB8F /* Build configuration list for PBXNativeTarget "UIActivityViewControllerTests" */;
			buildPhases = (
				03033CDF1A56CCD00002DB8F /* Sources */,
				03033CE01A56CCD00002DB8F /* Frameworks */,
				03033CE11A56CCD00002DB8F /* Resources */,
			);
			buildRules = (
			);
			dependencies = (
				03033CE51A56CCD00002DB8F /* PBXTargetDependency */,
			);
			name = UIActivityViewControllerTests;
			productName = UIActivityViewControllerTests;
			productReference = 03033CE31A56CCD00002DB8F /* UIActivityViewControllerTests.xctest */;
			productType = "com.apple.product-type.bundle.unit-test";
		};
/* End PBXNativeTarget section */

/* Begin PBXProject section */
		03033CC61A56CCD00002DB8F /* Project object */ = {
			isa = PBXProject;
			attributes = {
				LastUpgradeCheck = 0610;
				ORGANIZATIONNAME = "Devin Yang";
				TargetAttributes = {
					03033CCD1A56CCD00002DB8F = {
						CreatedOnToolsVersion = 6.1.1;
					};
					03033CE21A56CCD00002DB8F = {
						CreatedOnToolsVersion = 6.1.1;
						TestTargetID = 03033CCD1A56CCD00002DB8F;
					};
				};
			};
			buildConfigurationList = 03033CC91A56CCD00002DB8F /* Build configuration list for PBXProject "UIActivityViewController" */;
			compatibilityVersion = "Xcode 3.2";
			developmentRegion = English;
			hasScannedForEncodings = 0;
			knownRegions = (
				en,
				Base,
			);
			mainGroup = 03033CC51A56CCD00002DB8F;
			productRefGroup = 03033CCF1A56CCD00002DB8F /* Products */;
			projectDirPath = "";
			projectRoot = "";
			targets = (
				03033CCD1A56CCD00002DB8F /* UIActivityViewController */,
				03033CE21A56CCD00002DB8F /* UIActivityViewControllerTests */,
			);
		};
/* End PBXProject section */

/* Begin PBXResourcesBuildPhase section */
		03033CCC1A56CCD00002DB8F /* Resources */ = {
			isa = PBXResourcesBuildPhase;
			buildActionMask = 2147483647;
			files = (
				03033CD91A56CCD00002DB8F /* Main.storyboard in Resources */,
				03033CDE1A56CCD00002DB8F /* LaunchScreen.xib in Resources */,
				03033CDB1A56CCD00002DB8F /* Images.xcassets in Resources */,
			);
			runOnlyForDeploymentPostprocessing = 0;
		};
		03033CE11A56CCD00002DB8F /* Resources */ = {
			isa = PBXResourcesBuildPhase;
			buildActionMask = 2147483647;
			files = (
			);
			runOnlyForDeploymentPostprocessing = 0;
		};
/* End PBXResourcesBuildPhase section */

/* Begin PBXSourcesBuildPhase section */
		03033CCA1A56CCD00002DB8F /* Sources */ = {
			isa = PBXSourcesBuildPhase;
			buildActionMask = 2147483647;
			files = (
				03033CD61A56CCD00002DB8F /* ViewController.swift in Sources */,
				03033CD41A56CCD00002DB8F /* AppDelegate.swift in Sources */,
			);
			runOnlyForDeploymentPostprocessing = 0;
		};
		03033CDF1A56CCD00002DB8F /* Sources */ = {
			isa = PBXSourcesBuildPhase;
			buildActionMask = 2147483647;
			files = (
				03033CEA1A56CCD00002DB8F /* UIActivityViewControllerTests.swift in Sources */,
			);
			runOnlyForDeploymentPostprocessing = 0;
		};
/* End PBXSourcesBuildPhase section */

/* Begin PBXTargetDependency section */
		03033CE51A56CCD00002DB8F /* PBXTargetDependency */ = {
			isa = PBXTargetDependency;
			target = 03033CCD1A56CCD00002DB8F /* UIActivityViewController */;
			targetProxy = 03033CE41A56CCD00002DB8F /* PBXContainerItemProxy */;
		};
/* End PBXTargetDependency section */

/* Begin PBXVariantGroup section */
		03033CD71A56CCD00002DB8F /* Main.storyboard */ = {
			isa = PBXVariantGroup;
			children = (
				03033CD81A56CCD00002DB8F /* Base */,
			);
			name = Main.storyboard;
			sourceTree = "<group>";
		};
		03033CDC1A56CCD00002DB8F /* LaunchScreen.xib */ = {
			isa = PBXVariantGroup;
			children = (
				03033CDD1A56CCD00002DB8F /* Base */,
			);
			name = LaunchScreen.xib;
			sourceTree = "<group>";
		};
/* End PBXVariantGroup section */

/* Begin XCBuildConfiguration section */
		03033CEB1A56CCD00002DB8F /* Debug */ = {
			isa = XCBuildConfiguration;
			buildSettings = {
				ALWAYS_SEARCH_USER_PATHS = NO;
				CLANG_CXX_LANGUAGE_STANDARD = "gnu++0x";
				CLANG_CXX_LIBRARY = "libc++";
				CLANG_ENABLE_MODULES = YES;
				CLANG_ENABLE_OBJC_ARC = YES;
				CLANG_WARN_BOOL_CONVERSION = YES;
				CLANG_WARN_CONSTANT_CONVERSION = YES;
				CLANG_WARN_DIRECT_OBJC_ISA_USAGE = YES_ERROR;
				CLANG_WARN_EMPTY_BODY = YES;
				CLANG_WARN_ENUM_CONVERSION = YES;
				CLANG_WARN_INT_CONVERSION = YES;
				CLANG_WARN_OBJC_ROOT_CLASS = YES_ERROR;
				CLANG_WARN_UNREACHABLE_CODE = YES;
				CLANG_WARN__DUPLICATE_METHOD_MATCH = YES;
				"CODE_SIGN_IDENTITY[sdk=iphoneos*]" = "iPhone Developer";
				COPY_PHASE_STRIP = NO;
				ENABLE_STRICT_OBJC_MSGSEND = YES;
				GCC_C_LANGUAGE_STANDARD = gnu99;
				GCC_DYNAMIC_NO_PIC = NO;
				GCC_OPTIMIZATION_LEVEL = 0;
				GCC_PREPROCESSOR_DEFINITIONS = (
					"DEBUG=1",
					"$(inherited)",
				);
				GCC_SYMBOLS_PRIVATE_EXTERN = NO;
				GCC_WARN_64_TO_32_BIT_CONVERSION = YES;
				GCC_WARN_ABOUT_RETURN_TYPE = YES_ERROR;
				GCC_WARN_UNDECLARED_SELECTOR = YES;
				GCC_WARN_UNINITIALIZED_AUTOS = YES_AGGRESSIVE;
				GCC_WARN_UNUSED_FUNCTION = YES;
				GCC_WARN_UNUSED_VARIABLE = YES;
				IPHONEOS_DEPLOYMENT_TARGET = 8.1;
				MTL_ENABLE_DEBUG_INFO = YES;
				ONLY_ACTIVE_ARCH = YES;
				SDKROOT = iphoneos;
				SWIFT_OPTIMIZATION_LEVEL = "-Onone";
				TARGETED_DEVICE_FAMILY = "1,2";
			};
			name = Debug;
		};
		03033CEC1A56CCD00002DB8F /* Release */ = {
			isa = XCBuildConfiguration;
			buildSettings = {
				ALWAYS_SEARCH_USER_PATHS = NO;
				CLANG_CXX_LANGUAGE_STANDARD = "gnu++0x";
				CLANG_CXX_LIBRARY = "libc++";
				CLANG_ENABLE_MODULES = YES;
				CLANG_ENABLE_OBJC_ARC = YES;
				CLANG_WARN_BOOL_CONVERSION = YES;
				CLANG_WARN_CONSTANT_CONVERSION = YES;
				CLANG_WARN_DIRECT_OBJC_ISA_USAGE = YES_ERROR;
				CLANG_WARN_EMPTY_BODY = YES;
				CLANG_WARN_ENUM_CONVERSION = YES;
				CLANG_WARN_INT_CONVERSION = YES;
				CLANG_WARN_OBJC_ROOT_CLASS = YES_ERROR;
				CLANG_WARN_UNREACHABLE_CODE = YES;
				CLANG_WARN__DUPLICATE_METHOD_MATCH = YES;
				"CODE_SIGN_IDENTITY[sdk=iphoneos*]" = "iPhone Developer";
				COPY_PHASE_STRIP = YES;
				ENABLE_NS_ASSERTIONS = NO;
				ENABLE_STRICT_OBJC_MSGSEND = YES;
				GCC_C_LANGUAGE_STANDARD = gnu99;
				GCC_WARN_64_TO_32_BIT_CONVERSION = YES;
				GCC_WARN_ABOUT_RETURN_TYPE = YES_ERROR;
				GCC_WARN_UNDECLARED_SELECTOR = YES;
				GCC_WARN_UNINITIALIZED_AUTOS = YES_AGGRESSIVE;
				GCC_WARN_UNUSED_FUNCTION = YES;
				GCC_WARN_UNUSED_VARIABLE = YES;
				IPHONEOS_DEPLOYMENT_TARGET = 8.1;
				MTL_ENABLE_DEBUG_INFO = NO;
				SDKROOT = iphoneos;
				TARGETED_DEVICE_FAMILY = "1,2";
				VALIDATE_PRODUCT = YES;
			};
			name = Release;
		};
		03033CEE1A56CCD00002DB8F /* Debug */ = {
			isa = XCBuildConfiguration;
			buildSettings = {
				ASSETCATALOG_COMPILER_APPICON_NAME = AppIcon;
				INFOPLIST_FILE = UIActivityViewController/Info.plist;
				LD_RUNPATH_SEARCH_PATHS = "$(inherited) @executable_path/Frameworks";
				PRODUCT_NAME = "$(TARGET_NAME)";
			};
			name = Debug;
		};
		03033CEF1A56CCD00002DB8F /* Release */ = {
			isa = XCBuildConfiguration;
			buildSettings = {
				ASSETCATALOG_COMPILER_APPICON_NAME = AppIcon;
				INFOPLIST_FILE = UIActivityViewController/Info.plist;
				LD_RUNPATH_SEARCH_PATHS = "$(inherited) @executable_path/Frameworks";
				PRODUCT_NAME = "$(TARGET_NAME)";
			};
			name = Release;
		};
		03033CF11A56CCD00002DB8F /* Debug */ = {
			isa = XCBuildConfiguration;
			buildSettings = {
				BUNDLE_LOADER = "$(TEST_HOST)";
				FRAMEWORK_SEARCH_PATHS = (
					"$(SDKROOT)/Developer/Library/Frameworks",
					"$(inherited)",
				);
				GCC_PREPROCESSOR_DEFINITIONS = (
					"DEBUG=1",
					"$(inherited)",
				);
				INFOPLIST_FILE = UIActivityViewControllerTests/Info.plist;
				LD_RUNPATH_SEARCH_PATHS = "$(inherited) @executable_path/Frameworks @loader_path/Frameworks";
				PRODUCT_NAME = "$(TARGET_NAME)";
				TEST_HOST = "$(BUILT_PRODUCTS_DIR)/UIActivityViewController.app/UIActivityViewController";
			};
			name = Debug;
		};
		03033CF21A56CCD00002DB8F /* Release */ = {
			isa = XCBuildConfiguration;
			buildSettings = {
				BUNDLE_LOADER = "$(TEST_HOST)";
				FRAMEWORK_SEARCH_PATHS = (
					"$(SDKROOT)/Developer/Library/Frameworks",
					"$(inherited)",
				);
				INFOPLIST_FILE = UIActivityViewControllerTests/Info.plist;
				LD_RUNPATH_SEARCH_PATHS = "$(inherited) @executable_path/Frameworks @loader_path/Frameworks";
				PRODUCT_NAME = "$(TARGET_NAME)";
				TEST_HOST = "$(BUILT_PRODUCTS_DIR)/UIActivityViewController.app/UIActivityViewController";
			};
			name = Release;
		};
/* End XCBuildConfiguration section */

/* Begin XCConfigurationList section */
		03033CC91A56CCD00002DB8F /* Build configuration list for PBXProject "UIActivityViewController" */ = {
			isa = XCConfigurationList;
			buildConfigurations = (
				03033CEB1A56CCD00002DB8F /* Debug */,
				03033CEC1A56CCD00002DB8F /* Release */,
			);
			defaultConfigurationIsVisible = 0;
			defaultConfigurationName = Release;
		};
		03033CED1A56CCD00002DB8F /* Build configuration list for PBXNativeTarget "UIActivityViewController" */ = {
			isa = XCConfigurationList;
			buildConfigurations = (
				03033CEE1A56CCD00002DB8F /* Debug */,
				03033CEF1A56CCD00002DB8F /* Release */,
			);
			defaultConfigurationIsVisible = 0;
		};
		03033CF01A56CCD00002DB8F /* Build configuration list for PBXNativeTarget "UIActivityViewControllerTests" */ = {
			isa = XCConfigurationList;
			buildConfigurations = (
				03033CF11A56CCD00002DB8F /* Debug */,
				03033CF21A56CCD00002DB8F /* Release */,
			);
			defaultConfigurationIsVisible = 0;
		};
/* End XCConfigurationList section */
	};
	rootObject = 03033CC61A56CCD00002DB8F /* Project object */;
}
