// !$*UTF8*$!
{
	archiveVersion = 1;
	classes = {
	};
	objectVersion = 46;
	objects = {

/* Begin PBXBuildFile section */
		03FAE0C11A568BA700A810C1 /* AppDelegate.swift in Sources */ = {isa = PBXBuildFile; fileRef = 03FAE0C01A568BA700A810C1 /* AppDelegate.swift */; };
		03FAE0C31A568BA700A810C1 /* ViewController.swift in Sources */ = {isa = PBXBuildFile; fileRef = 03FAE0C21A568BA700A810C1 /* ViewController.swift */; };
		03FAE0C61A568BA700A810C1 /* Main.storyboard in Resources */ = {isa = PBXBuildFile; fileRef = 03FAE0C41A568BA700A810C1 /* Main.storyboard */; };
		03FAE0C81A568BA700A810C1 /* Images.xcassets in Resources */ = {isa = PBXBuildFile; fileRef = 03FAE0C71A568BA700A810C1 /* Images.xcassets */; };
		03FAE0CB1A568BA700A810C1 /* LaunchScreen.xib in Resources */ = {isa = PBXBuildFile; fileRef = 03FAE0C91A568BA700A810C1 /* LaunchScreen.xib */; };
		03FAE0D71A568BA700A810C1 /* UIAlertActionControllerTests.swift in Sources */ = {isa = PBXBuildFile; fileRef = 03FAE0D61A568BA700A810C1 /* UIAlertActionControllerTests.swift */; };
/* End PBXBuildFile section */

/* Begin PBXContainerItemProxy section */
		03FAE0D11A568BA700A810C1 /* PBXContainerItemProxy */ = {
			isa = PBXContainerItemProxy;
			containerPortal = 03FAE0B31A568BA700A810C1 /* Project object */;
			proxyType = 1;
			remoteGlobalIDString = 03FAE0BA1A568BA700A810C1;
			remoteInfo = UIAlertActionController;
		};
/* End PBXContainerItemProxy section */

/* Begin PBXFileReference section */
		03FAE0BB1A568BA700A810C1 /* UIAlertActionController.app */ = {isa = PBXFileReference; explicitFileType = wrapper.application; includeInIndex = 0; path = UIAlertActionController.app; sourceTree = BUILT_PRODUCTS_DIR; };
		03FAE0BF1A568BA700A810C1 /* Info.plist */ = {isa = PBXFileReference; lastKnownFileType = text.plist.xml; path = Info.plist; sourceTree = "<group>"; };
		03FAE0C01A568BA700A810C1 /* AppDelegate.swift */ = {isa = PBXFileReference; lastKnownFileType = sourcecode.swift; path = AppDelegate.swift; sourceTree = "<group>"; };
		03FAE0C21A568BA700A810C1 /* ViewController.swift */ = {isa = PBXFileReference; lastKnownFileType = sourcecode.swift; path = ViewController.swift; sourceTree = "<group>"; };
		03FAE0C51A568BA700A810C1 /* Base */ = {isa = PBXFileReference; lastKnownFileType = file.storyboard; name = Base; path = Base.lproj/Main.storyboard; sourceTree = "<group>"; };
		03FAE0C71A568BA700A810C1 /* Images.xcassets */ = {isa = PBXFileReference; lastKnownFileType = folder.assetcatalog; path = Images.xcassets; sourceTree = "<group>"; };
		03FAE0CA1A568BA700A810C1 /* Base */ = {isa = PBXFileReference; lastKnownFileType = file.xib; name = Base; path = Base.lproj/LaunchScreen.xib; sourceTree = "<group>"; };
		03FAE0D01A568BA700A810C1 /* UIAlertActionControllerTests.xctest */ = {isa = PBXFileReference; explicitFileType = wrapper.cfbundle; includeInIndex = 0; path = UIAlertActionControllerTests.xctest; sourceTree = BUILT_PRODUCTS_DIR; };
		03FAE0D51A568BA700A810C1 /* Info.plist */ = {isa = PBXFileReference; lastKnownFileType = text.plist.xml; path = Info.plist; sourceTree = "<group>"; };
		03FAE0D61A568BA700A810C1 /* UIAlertActionControllerTests.swift */ = {isa = PBXFileReference; lastKnownFileType = sourcecode.swift; path = UIAlertActionControllerTests.swift; sourceTree = "<group>"; };
/* End PBXFileReference section */

/* Begin PBXFrameworksBuildPhase section */
		03FAE0B81A568BA700A810C1 /* Frameworks */ = {
			isa = PBXFrameworksBuildPhase;
			buildActionMask = 2147483647;
			files = (
			);
			runOnlyForDeploymentPostprocessing = 0;
		};
		03FAE0CD1A568BA700A810C1 /* Frameworks */ = {
			isa = PBXFrameworksBuildPhase;
			buildActionMask = 2147483647;
			files = (
			);
			runOnlyForDeploymentPostprocessing = 0;
		};
/* End PBXFrameworksBuildPhase section */

/* Begin PBXGroup section */
		03FAE0B21A568BA700A810C1 = {
			isa = PBXGroup;
			children = (
				03FAE0BD1A568BA700A810C1 /* UIAlertActionController */,
				03FAE0D31A568BA700A810C1 /* UIAlertActionControllerTests */,
				03FAE0BC1A568BA700A810C1 /* Products */,
			);
			sourceTree = "<group>";
		};
		03FAE0BC1A568BA700A810C1 /* Products */ = {
			isa = PBXGroup;
			children = (
				03FAE0BB1A568BA700A810C1 /* UIAlertActionController.app */,
				03FAE0D01A568BA700A810C1 /* UIAlertActionControllerTests.xctest */,
			);
			name = Products;
			sourceTree = "<group>";
		};
		03FAE0BD1A568BA700A810C1 /* UIAlertActionController */ = {
			isa = PBXGroup;
			children = (
				03FAE0C01A568BA700A810C1 /* AppDelegate.swift */,
				03FAE0C21A568BA700A810C1 /* ViewController.swift */,
				03FAE0C41A568BA700A810C1 /* Main.storyboard */,
				03FAE0C71A568BA700A810C1 /* Images.xcassets */,
				03FAE0C91A568BA700A810C1 /* LaunchScreen.xib */,
				03FAE0BE1A568BA700A810C1 /* Supporting Files */,
			);
			path = UIAlertActionController;
			sourceTree = "<group>";
		};
		03FAE0BE1A568BA700A810C1 /* Supporting Files */ = {
			isa = PBXGroup;
			children = (
				03FAE0BF1A568BA700A810C1 /* Info.plist */,
			);
			name = "Supporting Files";
			sourceTree = "<group>";
		};
		03FAE0D31A568BA700A810C1 /* UIAlertActionControllerTests */ = {
			isa = PBXGroup;
			children = (
				03FAE0D61A568BA700A810C1 /* UIAlertActionControllerTests.swift */,
				03FAE0D41A568BA700A810C1 /* Supporting Files */,
			);
			path = UIAlertActionControllerTests;
			sourceTree = "<group>";
		};
		03FAE0D41A568BA700A810C1 /* Supporting Files */ = {
			isa = PBXGroup;
			children = (
				03FAE0D51A568BA700A810C1 /* Info.plist */,
			);
			name = "Supporting Files";
			sourceTree = "<group>";
		};
/* End PBXGroup section */

/* Begin PBXNativeTarget section */
		03FAE0BA1A568BA700A810C1 /* UIAlertActionController */ = {
			isa = PBXNativeTarget;
			buildConfigurationList = 03FAE0DA1A568BA700A810C1 /* Build configuration list for PBXNativeTarget "UIAlertActionController" */;
			buildPhases = (
				03FAE0B71A568BA700A810C1 /* Sources */,
				03FAE0B81A568BA700A810C1 /* Frameworks */,
				03FAE0B91A568BA700A810C1 /* Resources */,
			);
			buildRules = (
			);
			dependencies = (
			);
			name = UIAlertActionController;
			productName = UIAlertActionController;
			productReference = 03FAE0BB1A568BA700A810C1 /* UIAlertActionController.app */;
			productType = "com.apple.product-type.application";
		};
		03FAE0CF1A568BA700A810C1 /* UIAlertActionControllerTests */ = {
			isa = PBXNativeTarget;
			buildConfigurationList = 03FAE0DD1A568BA700A810C1 /* Build configuration list for PBXNativeTarget "UIAlertActionControllerTests" */;
			buildPhases = (
				03FAE0CC1A568BA700A810C1 /* Sources */,
				03FAE0CD1A568BA700A810C1 /* Frameworks */,
				03FAE0CE1A568BA700A810C1 /* Resources */,
			);
			buildRules = (
			);
			dependencies = (
				03FAE0D21A568BA700A810C1 /* PBXTargetDependency */,
			);
			name = UIAlertActionControllerTests;
			productName = UIAlertActionControllerTests;
			productReference = 03FAE0D01A568BA700A810C1 /* UIAlertActionControllerTests.xctest */;
			productType = "com.apple.product-type.bundle.unit-test";
		};
/* End PBXNativeTarget section */

/* Begin PBXProject section */
		03FAE0B31A568BA700A810C1 /* Project object */ = {
			isa = PBXProject;
			attributes = {
				LastUpgradeCheck = 0610;
				ORGANIZATIONNAME = "Devin Yang";
				TargetAttributes = {
					03FAE0BA1A568BA700A810C1 = {
						CreatedOnToolsVersion = 6.1.1;
					};
					03FAE0CF1A568BA700A810C1 = {
						CreatedOnToolsVersion = 6.1.1;
						TestTargetID = 03FAE0BA1A568BA700A810C1;
					};
				};
			};
			buildConfigurationList = 03FAE0B61A568BA700A810C1 /* Build configuration list for PBXProject "UIAlertActionController" */;
			compatibilityVersion = "Xcode 3.2";
			developmentRegion = English;
			hasScannedForEncodings = 0;
			knownRegions = (
				en,
				Base,
			);
			mainGroup = 03FAE0B21A568BA700A810C1;
			productRefGroup = 03FAE0BC1A568BA700A810C1 /* Products */;
			projectDirPath = "";
			projectRoot = "";
			targets = (
				03FAE0BA1A568BA700A810C1 /* UIAlertActionController */,
				03FAE0CF1A568BA700A810C1 /* UIAlertActionControllerTests */,
			);
		};
/* End PBXProject section */

/* Begin PBXResourcesBuildPhase section */
		03FAE0B91A568BA700A810C1 /* Resources */ = {
			isa = PBXResourcesBuildPhase;
			buildActionMask = 2147483647;
			files = (
				03FAE0C61A568BA700A810C1 /* Main.storyboard in Resources */,
				03FAE0CB1A568BA700A810C1 /* LaunchScreen.xib in Resources */,
				03FAE0C81A568BA700A810C1 /* Images.xcassets in Resources */,
			);
			runOnlyForDeploymentPostprocessing = 0;
		};
		03FAE0CE1A568BA700A810C1 /* Resources */ = {
			isa = PBXResourcesBuildPhase;
			buildActionMask = 2147483647;
			files = (
			);
			runOnlyForDeploymentPostprocessing = 0;
		};
/* End PBXResourcesBuildPhase section */

/* Begin PBXSourcesBuildPhase section */
		03FAE0B71A568BA700A810C1 /* Sources */ = {
			isa = PBXSourcesBuildPhase;
			buildActionMask = 2147483647;
			files = (
				03FAE0C31A568BA700A810C1 /* ViewController.swift in Sources */,
				03FAE0C11A568BA700A810C1 /* AppDelegate.swift in Sources */,
			);
			runOnlyForDeploymentPostprocessing = 0;
		};
		03FAE0CC1A568BA700A810C1 /* Sources */ = {
			isa = PBXSourcesBuildPhase;
			buildActionMask = 2147483647;
			files = (
				03FAE0D71A568BA700A810C1 /* UIAlertActionControllerTests.swift in Sources */,
			);
			runOnlyForDeploymentPostprocessing = 0;
		};
/* End PBXSourcesBuildPhase section */

/* Begin PBXTargetDependency section */
		03FAE0D21A568BA700A810C1 /* PBXTargetDependency */ = {
			isa = PBXTargetDependency;
			target = 03FAE0BA1A568BA700A810C1 /* UIAlertActionController */;
			targetProxy = 03FAE0D11A568BA700A810C1 /* PBXContainerItemProxy */;
		};
/* End PBXTargetDependency section */

/* Begin PBXVariantGroup section */
		03FAE0C41A568BA700A810C1 /* Main.storyboard */ = {
			isa = PBXVariantGroup;
			children = (
				03FAE0C51A568BA700A810C1 /* Base */,
			);
			name = Main.storyboard;
			sourceTree = "<group>";
		};
		03FAE0C91A568BA700A810C1 /* LaunchScreen.xib */ = {
			isa = PBXVariantGroup;
			children = (
				03FAE0CA1A568BA700A810C1 /* Base */,
			);
			name = LaunchScreen.xib;
			sourceTree = "<group>";
		};
/* End PBXVariantGroup section */

/* Begin XCBuildConfiguration section */
		03FAE0D81A568BA700A810C1 /* Debug */ = {
			isa = XCBuildConfiguration;
			buildSettings = {
				ALWAYS_SEARCH_USER_PATHS = NO;
				CLANG_CXX_LANGUAGE_STANDARD = "gnu++0x";
				CLANG_CXX_LIBRARY = "libc++";
				CLANG_ENABLE_MODULES = YES;
				CLANG_ENABLE_OBJC_ARC = YES;
				CLANG_WARN_BOOL_CONVERSION = YES;
				CLANG_WARN_CONSTANT_CONVERSION = YES;
				CLANG_WARN_DIRECT_OBJC_ISA_USAGE = YES_ERROR;
				CLANG_WARN_EMPTY_BODY = YES;
				CLANG_WARN_ENUM_CONVERSION = YES;
				CLANG_WARN_INT_CONVERSION = YES;
				CLANG_WARN_OBJC_ROOT_CLASS = YES_ERROR;
				CLANG_WARN_UNREACHABLE_CODE = YES;
				CLANG_WARN__DUPLICATE_METHOD_MATCH = YES;
				"CODE_SIGN_IDENTITY[sdk=iphoneos*]" = "iPhone Developer";
				COPY_PHASE_STRIP = NO;
				ENABLE_STRICT_OBJC_MSGSEND = YES;
				GCC_C_LANGUAGE_STANDARD = gnu99;
				GCC_DYNAMIC_NO_PIC = NO;
				GCC_OPTIMIZATION_LEVEL = 0;
				GCC_PREPROCESSOR_DEFINITIONS = (
					"DEBUG=1",
					"$(inherited)",
				);
				GCC_SYMBOLS_PRIVATE_EXTERN = NO;
				GCC_WARN_64_TO_32_BIT_CONVERSION = YES;
				GCC_WARN_ABOUT_RETURN_TYPE = YES_ERROR;
				GCC_WARN_UNDECLARED_SELECTOR = YES;
				GCC_WARN_UNINITIALIZED_AUTOS = YES_AGGRESSIVE;
				GCC_WARN_UNUSED_FUNCTION = YES;
				GCC_WARN_UNUSED_VARIABLE = YES;
				IPHONEOS_DEPLOYMENT_TARGET = 8.1;
				MTL_ENABLE_DEBUG_INFO = YES;
				ONLY_ACTIVE_ARCH = YES;
				SDKROOT = iphoneos;
				SWIFT_OPTIMIZATION_LEVEL = "-Onone";
				TARGETED_DEVICE_FAMILY = "1,2";
			};
			name = Debug;
		};
		03FAE0D91A568BA700A810C1 /* Release */ = {
			isa = XCBuildConfiguration;
			buildSettings = {
				ALWAYS_SEARCH_USER_PATHS = NO;
				CLANG_CXX_LANGUAGE_STANDARD = "gnu++0x";
				CLANG_CXX_LIBRARY = "libc++";
				CLANG_ENABLE_MODULES = YES;
				CLANG_ENABLE_OBJC_ARC = YES;
				CLANG_WARN_BOOL_CONVERSION = YES;
				CLANG_WARN_CONSTANT_CONVERSION = YES;
				CLANG_WARN_DIRECT_OBJC_ISA_USAGE = YES_ERROR;
				CLANG_WARN_EMPTY_BODY = YES;
				CLANG_WARN_ENUM_CONVERSION = YES;
				CLANG_WARN_INT_CONVERSION = YES;
				CLANG_WARN_OBJC_ROOT_CLASS = YES_ERROR;
				CLANG_WARN_UNREACHABLE_CODE = YES;
				CLANG_WARN__DUPLICATE_METHOD_MATCH = YES;
				"CODE_SIGN_IDENTITY[sdk=iphoneos*]" = "iPhone Developer";
				COPY_PHASE_STRIP = YES;
				ENABLE_NS_ASSERTIONS = NO;
				ENABLE_STRICT_OBJC_MSGSEND = YES;
				GCC_C_LANGUAGE_STANDARD = gnu99;
				GCC_WARN_64_TO_32_BIT_CONVERSION = YES;
				GCC_WARN_ABOUT_RETURN_TYPE = YES_ERROR;
				GCC_WARN_UNDECLARED_SELECTOR = YES;
				GCC_WARN_UNINITIALIZED_AUTOS = YES_AGGRESSIVE;
				GCC_WARN_UNUSED_FUNCTION = YES;
				GCC_WARN_UNUSED_VARIABLE = YES;
				IPHONEOS_DEPLOYMENT_TARGET = 8.1;
				MTL_ENABLE_DEBUG_INFO = NO;
				SDKROOT = iphoneos;
				TARGETED_DEVICE_FAMILY = "1,2";
				VALIDATE_PRODUCT = YES;
			};
			name = Release;
		};
		03FAE0DB1A568BA700A810C1 /* Debug */ = {
			isa = XCBuildConfiguration;
			buildSettings = {
				ASSETCATALOG_COMPILER_APPICON_NAME = AppIcon;
				INFOPLIST_FILE = UIAlertActionController/Info.plist;
				LD_RUNPATH_SEARCH_PATHS = "$(inherited) @executable_path/Frameworks";
				PRODUCT_NAME = "$(TARGET_NAME)";
			};
			name = Debug;
		};
		03FAE0DC1A568BA700A810C1 /* Release */ = {
			isa = XCBuildConfiguration;
			buildSettings = {
				ASSETCATALOG_COMPILER_APPICON_NAME = AppIcon;
				INFOPLIST_FILE = UIAlertActionController/Info.plist;
				LD_RUNPATH_SEARCH_PATHS = "$(inherited) @executable_path/Frameworks";
				PRODUCT_NAME = "$(TARGET_NAME)";
			};
			name = Release;
		};
		03FAE0DE1A568BA700A810C1 /* Debug */ = {
			isa = XCBuildConfiguration;
			buildSettings = {
				BUNDLE_LOADER = "$(TEST_HOST)";
				FRAMEWORK_SEARCH_PATHS = (
					"$(SDKROOT)/Developer/Library/Frameworks",
					"$(inherited)",
				);
				GCC_PREPROCESSOR_DEFINITIONS = (
					"DEBUG=1",
					"$(inherited)",
				);
				INFOPLIST_FILE = UIAlertActionControllerTests/Info.plist;
				LD_RUNPATH_SEARCH_PATHS = "$(inherited) @executable_path/Frameworks @loader_path/Frameworks";
				PRODUCT_NAME = "$(TARGET_NAME)";
				TEST_HOST = "$(BUILT_PRODUCTS_DIR)/UIAlertActionController.app/UIAlertActionController";
			};
			name = Debug;
		};
		03FAE0DF1A568BA700A810C1 /* Release */ = {
			isa = XCBuildConfiguration;
			buildSettings = {
				BUNDLE_LOADER = "$(TEST_HOST)";
				FRAMEWORK_SEARCH_PATHS = (
					"$(SDKROOT)/Developer/Library/Frameworks",
					"$(inherited)",
				);
				INFOPLIST_FILE = UIAlertActionControllerTests/Info.plist;
				LD_RUNPATH_SEARCH_PATHS = "$(inherited) @executable_path/Frameworks @loader_path/Frameworks";
				PRODUCT_NAME = "$(TARGET_NAME)";
				TEST_HOST = "$(BUILT_PRODUCTS_DIR)/UIAlertActionController.app/UIAlertActionController";
			};
			name = Release;
		};
/* End XCBuildConfiguration section */

/* Begin XCConfigurationList section */
		03FAE0B61A568BA700A810C1 /* Build configuration list for PBXProject "UIAlertActionController" */ = {
			isa = XCConfigurationList;
			buildConfigurations = (
				03FAE0D81A568BA700A810C1 /* Debug */,
				03FAE0D91A568BA700A810C1 /* Release */,
			);
			defaultConfigurationIsVisible = 0;
			defaultConfigurationName = Release;
		};
		03FAE0DA1A568BA700A810C1 /* Build configuration list for PBXNativeTarget "UIAlertActionController" */ = {
			isa = XCConfigurationList;
			buildConfigurations = (
				03FAE0DB1A568BA700A810C1 /* Debug */,
				03FAE0DC1A568BA700A810C1 /* Release */,
			);
			defaultConfigurationIsVisible = 0;
		};
		03FAE0DD1A568BA700A810C1 /* Build configuration list for PBXNativeTarget "UIAlertActionControllerTests" */ = {
			isa = XCConfigurationList;
			buildConfigurations = (
				03FAE0DE1A568BA700A810C1 /* Debug */,
				03FAE0DF1A568BA700A810C1 /* Release */,
			);
			defaultConfigurationIsVisible = 0;
		};
/* End XCConfigurationList section */
	};
	rootObject = 03FAE0B31A568BA700A810C1 /* Project object */;
}
