// !$*UTF8*$!
{
	archiveVersion = 1;
	classes = {
	};
	objectVersion = 46;
	objects = {

/* Begin PBXBuildFile section */
		03955EAE1A7DEE080012A38D /* AppDelegate.swift in Sources */ = {isa = PBXBuildFile; fileRef = 03955EAD1A7DEE080012A38D /* AppDelegate.swift */; };
		03955EB01A7DEE080012A38D /* ViewController.swift in Sources */ = {isa = PBXBuildFile; fileRef = 03955EAF1A7DEE080012A38D /* ViewController.swift */; };
		03955EB31A7DEE080012A38D /* Main.storyboard in Resources */ = {isa = PBXBuildFile; fileRef = 03955EB11A7DEE080012A38D /* Main.storyboard */; };
		03955EB51A7DEE080012A38D /* Images.xcassets in Resources */ = {isa = PBXBuildFile; fileRef = 03955EB41A7DEE080012A38D /* Images.xcassets */; };
		03955EB81A7DEE080012A38D /* LaunchScreen.xib in Resources */ = {isa = PBXBuildFile; fileRef = 03955EB61A7DEE080012A38D /* LaunchScreen.xib */; };
		03955EC41A7DEE080012A38D /* jsonPostTests.swift in Sources */ = {isa = PBXBuildFile; fileRef = 03955EC31A7DEE080012A38D /* jsonPostTests.swift */; };
/* End PBXBuildFile section */

/* Begin PBXContainerItemProxy section */
		03955EBE1A7DEE080012A38D /* PBXContainerItemProxy */ = {
			isa = PBXContainerItemProxy;
			containerPortal = 03955EA01A7DEE080012A38D /* Project object */;
			proxyType = 1;
			remoteGlobalIDString = 03955EA71A7DEE080012A38D;
			remoteInfo = jsonPost;
		};
/* End PBXContainerItemProxy section */

/* Begin PBXFileReference section */
		03955EA81A7DEE080012A38D /* jsonPost.app */ = {isa = PBXFileReference; explicitFileType = wrapper.application; includeInIndex = 0; path = jsonPost.app; sourceTree = BUILT_PRODUCTS_DIR; };
		03955EAC1A7DEE080012A38D /* Info.plist */ = {isa = PBXFileReference; lastKnownFileType = text.plist.xml; path = Info.plist; sourceTree = "<group>"; };
		03955EAD1A7DEE080012A38D /* AppDelegate.swift */ = {isa = PBXFileReference; lastKnownFileType = sourcecode.swift; path = AppDelegate.swift; sourceTree = "<group>"; };
		03955EAF1A7DEE080012A38D /* ViewController.swift */ = {isa = PBXFileReference; lastKnownFileType = sourcecode.swift; path = ViewController.swift; sourceTree = "<group>"; };
		03955EB21A7DEE080012A38D /* Base */ = {isa = PBXFileReference; lastKnownFileType = file.storyboard; name = Base; path = Base.lproj/Main.storyboard; sourceTree = "<group>"; };
		03955EB41A7DEE080012A38D /* Images.xcassets */ = {isa = PBXFileReference; lastKnownFileType = folder.assetcatalog; path = Images.xcassets; sourceTree = "<group>"; };
		03955EB71A7DEE080012A38D /* Base */ = {isa = PBXFileReference; lastKnownFileType = file.xib; name = Base; path = Base.lproj/LaunchScreen.xib; sourceTree = "<group>"; };
		03955EBD1A7DEE080012A38D /* jsonPostTests.xctest */ = {isa = PBXFileReference; explicitFileType = wrapper.cfbundle; includeInIndex = 0; path = jsonPostTests.xctest; sourceTree = BUILT_PRODUCTS_DIR; };
		03955EC21A7DEE080012A38D /* Info.plist */ = {isa = PBXFileReference; lastKnownFileType = text.plist.xml; path = Info.plist; sourceTree = "<group>"; };
		03955EC31A7DEE080012A38D /* jsonPostTests.swift */ = {isa = PBXFileReference; lastKnownFileType = sourcecode.swift; path = jsonPostTests.swift; sourceTree = "<group>"; };
/* End PBXFileReference section */

/* Begin PBXFrameworksBuildPhase section */
		03955EA51A7DEE080012A38D /* Frameworks */ = {
			isa = PBXFrameworksBuildPhase;
			buildActionMask = 2147483647;
			files = (
			);
			runOnlyForDeploymentPostprocessing = 0;
		};
		03955EBA1A7DEE080012A38D /* Frameworks */ = {
			isa = PBXFrameworksBuildPhase;
			buildActionMask = 2147483647;
			files = (
			);
			runOnlyForDeploymentPostprocessing = 0;
		};
/* End PBXFrameworksBuildPhase section */

/* Begin PBXGroup section */
		03955E9F1A7DEE080012A38D = {
			isa = PBXGroup;
			children = (
				03955EAA1A7DEE080012A38D /* jsonPost */,
				03955EC01A7DEE080012A38D /* jsonPostTests */,
				03955EA91A7DEE080012A38D /* Products */,
			);
			sourceTree = "<group>";
		};
		03955EA91A7DEE080012A38D /* Products */ = {
			isa = PBXGroup;
			children = (
				03955EA81A7DEE080012A38D /* jsonPost.app */,
				03955EBD1A7DEE080012A38D /* jsonPostTests.xctest */,
			);
			name = Products;
			sourceTree = "<group>";
		};
		03955EAA1A7DEE080012A38D /* jsonPost */ = {
			isa = PBXGroup;
			children = (
				03955EAD1A7DEE080012A38D /* AppDelegate.swift */,
				03955EAF1A7DEE080012A38D /* ViewController.swift */,
				03955EB11A7DEE080012A38D /* Main.storyboard */,
				03955EB41A7DEE080012A38D /* Images.xcassets */,
				03955EB61A7DEE080012A38D /* LaunchScreen.xib */,
				03955EAB1A7DEE080012A38D /* Supporting Files */,
			);
			path = jsonPost;
			sourceTree = "<group>";
		};
		03955EAB1A7DEE080012A38D /* Supporting Files */ = {
			isa = PBXGroup;
			children = (
				03955EAC1A7DEE080012A38D /* Info.plist */,
			);
			name = "Supporting Files";
			sourceTree = "<group>";
		};
		03955EC01A7DEE080012A38D /* jsonPostTests */ = {
			isa = PBXGroup;
			children = (
				03955EC31A7DEE080012A38D /* jsonPostTests.swift */,
				03955EC11A7DEE080012A38D /* Supporting Files */,
			);
			path = jsonPostTests;
			sourceTree = "<group>";
		};
		03955EC11A7DEE080012A38D /* Supporting Files */ = {
			isa = PBXGroup;
			children = (
				03955EC21A7DEE080012A38D /* Info.plist */,
			);
			name = "Supporting Files";
			sourceTree = "<group>";
		};
/* End PBXGroup section */

/* Begin PBXNativeTarget section */
		03955EA71A7DEE080012A38D /* jsonPost */ = {
			isa = PBXNativeTarget;
			buildConfigurationList = 03955EC71A7DEE080012A38D /* Build configuration list for PBXNativeTarget "jsonPost" */;
			buildPhases = (
				03955EA41A7DEE080012A38D /* Sources */,
				03955EA51A7DEE080012A38D /* Frameworks */,
				03955EA61A7DEE080012A38D /* Resources */,
			);
			buildRules = (
			);
			dependencies = (
			);
			name = jsonPost;
			productName = jsonPost;
			productReference = 03955EA81A7DEE080012A38D /* jsonPost.app */;
			productType = "com.apple.product-type.application";
		};
		03955EBC1A7DEE080012A38D /* jsonPostTests */ = {
			isa = PBXNativeTarget;
			buildConfigurationList = 03955ECA1A7DEE080012A38D /* Build configuration list for PBXNativeTarget "jsonPostTests" */;
			buildPhases = (
				03955EB91A7DEE080012A38D /* Sources */,
				03955EBA1A7DEE080012A38D /* Frameworks */,
				03955EBB1A7DEE080012A38D /* Resources */,
			);
			buildRules = (
			);
			dependencies = (
				03955EBF1A7DEE080012A38D /* PBXTargetDependency */,
			);
			name = jsonPostTests;
			productName = jsonPostTests;
			productReference = 03955EBD1A7DEE080012A38D /* jsonPostTests.xctest */;
			productType = "com.apple.product-type.bundle.unit-test";
		};
/* End PBXNativeTarget section */

/* Begin PBXProject section */
		03955EA01A7DEE080012A38D /* Project object */ = {
			isa = PBXProject;
			attributes = {
				LastUpgradeCheck = 0610;
				ORGANIZATIONNAME = "Devin Yang";
				TargetAttributes = {
					03955EA71A7DEE080012A38D = {
						CreatedOnToolsVersion = 6.1.1;
					};
					03955EBC1A7DEE080012A38D = {
						CreatedOnToolsVersion = 6.1.1;
						TestTargetID = 03955EA71A7DEE080012A38D;
					};
				};
			};
			buildConfigurationList = 03955EA31A7DEE080012A38D /* Build configuration list for PBXProject "jsonPost" */;
			compatibilityVersion = "Xcode 3.2";
			developmentRegion = English;
			hasScannedForEncodings = 0;
			knownRegions = (
				en,
				Base,
			);
			mainGroup = 03955E9F1A7DEE080012A38D;
			productRefGroup = 03955EA91A7DEE080012A38D /* Products */;
			projectDirPath = "";
			projectRoot = "";
			targets = (
				03955EA71A7DEE080012A38D /* jsonPost */,
				03955EBC1A7DEE080012A38D /* jsonPostTests */,
			);
		};
/* End PBXProject section */

/* Begin PBXResourcesBuildPhase section */
		03955EA61A7DEE080012A38D /* Resources */ = {
			isa = PBXResourcesBuildPhase;
			buildActionMask = 2147483647;
			files = (
				03955EB31A7DEE080012A38D /* Main.storyboard in Resources */,
				03955EB81A7DEE080012A38D /* LaunchScreen.xib in Resources */,
				03955EB51A7DEE080012A38D /* Images.xcassets in Resources */,
			);
			runOnlyForDeploymentPostprocessing = 0;
		};
		03955EBB1A7DEE080012A38D /* Resources */ = {
			isa = PBXResourcesBuildPhase;
			buildActionMask = 2147483647;
			files = (
			);
			runOnlyForDeploymentPostprocessing = 0;
		};
/* End PBXResourcesBuildPhase section */

/* Begin PBXSourcesBuildPhase section */
		03955EA41A7DEE080012A38D /* Sources */ = {
			isa = PBXSourcesBuildPhase;
			buildActionMask = 2147483647;
			files = (
				03955EB01A7DEE080012A38D /* ViewController.swift in Sources */,
				03955EAE1A7DEE080012A38D /* AppDelegate.swift in Sources */,
			);
			runOnlyForDeploymentPostprocessing = 0;
		};
		03955EB91A7DEE080012A38D /* Sources */ = {
			isa = PBXSourcesBuildPhase;
			buildActionMask = 2147483647;
			files = (
				03955EC41A7DEE080012A38D /* jsonPostTests.swift in Sources */,
			);
			runOnlyForDeploymentPostprocessing = 0;
		};
/* End PBXSourcesBuildPhase section */

/* Begin PBXTargetDependency section */
		03955EBF1A7DEE080012A38D /* PBXTargetDependency */ = {
			isa = PBXTargetDependency;
			target = 03955EA71A7DEE080012A38D /* jsonPost */;
			targetProxy = 03955EBE1A7DEE080012A38D /* PBXContainerItemProxy */;
		};
/* End PBXTargetDependency section */

/* Begin PBXVariantGroup section */
		03955EB11A7DEE080012A38D /* Main.storyboard */ = {
			isa = PBXVariantGroup;
			children = (
				03955EB21A7DEE080012A38D /* Base */,
			);
			name = Main.storyboard;
			sourceTree = "<group>";
		};
		03955EB61A7DEE080012A38D /* LaunchScreen.xib */ = {
			isa = PBXVariantGroup;
			children = (
				03955EB71A7DEE080012A38D /* Base */,
			);
			name = LaunchScreen.xib;
			sourceTree = "<group>";
		};
/* End PBXVariantGroup section */

/* Begin XCBuildConfiguration section */
		03955EC51A7DEE080012A38D /* Debug */ = {
			isa = XCBuildConfiguration;
			buildSettings = {
				ALWAYS_SEARCH_USER_PATHS = NO;
				CLANG_CXX_LANGUAGE_STANDARD = "gnu++0x";
				CLANG_CXX_LIBRARY = "libc++";
				CLANG_ENABLE_MODULES = YES;
				CLANG_ENABLE_OBJC_ARC = YES;
				CLANG_WARN_BOOL_CONVERSION = YES;
				CLANG_WARN_CONSTANT_CONVERSION = YES;
				CLANG_WARN_DIRECT_OBJC_ISA_USAGE = YES_ERROR;
				CLANG_WARN_EMPTY_BODY = YES;
				CLANG_WARN_ENUM_CONVERSION = YES;
				CLANG_WARN_INT_CONVERSION = YES;
				CLANG_WARN_OBJC_ROOT_CLASS = YES_ERROR;
				CLANG_WARN_UNREACHABLE_CODE = YES;
				CLANG_WARN__DUPLICATE_METHOD_MATCH = YES;
				"CODE_SIGN_IDENTITY[sdk=iphoneos*]" = "iPhone Developer";
				COPY_PHASE_STRIP = NO;
				ENABLE_STRICT_OBJC_MSGSEND = YES;
				GCC_C_LANGUAGE_STANDARD = gnu99;
				GCC_DYNAMIC_NO_PIC = NO;
				GCC_OPTIMIZATION_LEVEL = 0;
				GCC_PREPROCESSOR_DEFINITIONS = (
					"DEBUG=1",
					"$(inherited)",
				);
				GCC_SYMBOLS_PRIVATE_EXTERN = NO;
				GCC_WARN_64_TO_32_BIT_CONVERSION = YES;
				GCC_WARN_ABOUT_RETURN_TYPE = YES_ERROR;
				GCC_WARN_UNDECLARED_SELECTOR = YES;
				GCC_WARN_UNINITIALIZED_AUTOS = YES_AGGRESSIVE;
				GCC_WARN_UNUSED_FUNCTION = YES;
				GCC_WARN_UNUSED_VARIABLE = YES;
				IPHONEOS_DEPLOYMENT_TARGET = 8.1;
				MTL_ENABLE_DEBUG_INFO = YES;
				ONLY_ACTIVE_ARCH = YES;
				SDKROOT = iphoneos;
				SWIFT_OPTIMIZATION_LEVEL = "-Onone";
				TARGETED_DEVICE_FAMILY = "1,2";
			};
			name = Debug;
		};
		03955EC61A7DEE080012A38D /* Release */ = {
			isa = XCBuildConfiguration;
			buildSettings = {
				ALWAYS_SEARCH_USER_PATHS = NO;
				CLANG_CXX_LANGUAGE_STANDARD = "gnu++0x";
				CLANG_CXX_LIBRARY = "libc++";
				CLANG_ENABLE_MODULES = YES;
				CLANG_ENABLE_OBJC_ARC = YES;
				CLANG_WARN_BOOL_CONVERSION = YES;
				CLANG_WARN_CONSTANT_CONVERSION = YES;
				CLANG_WARN_DIRECT_OBJC_ISA_USAGE = YES_ERROR;
				CLANG_WARN_EMPTY_BODY = YES;
				CLANG_WARN_ENUM_CONVERSION = YES;
				CLANG_WARN_INT_CONVERSION = YES;
				CLANG_WARN_OBJC_ROOT_CLASS = YES_ERROR;
				CLANG_WARN_UNREACHABLE_CODE = YES;
				CLANG_WARN__DUPLICATE_METHOD_MATCH = YES;
				"CODE_SIGN_IDENTITY[sdk=iphoneos*]" = "iPhone Developer";
				COPY_PHASE_STRIP = YES;
				ENABLE_NS_ASSERTIONS = NO;
				ENABLE_STRICT_OBJC_MSGSEND = YES;
				GCC_C_LANGUAGE_STANDARD = gnu99;
				GCC_WARN_64_TO_32_BIT_CONVERSION = YES;
				GCC_WARN_ABOUT_RETURN_TYPE = YES_ERROR;
				GCC_WARN_UNDECLARED_SELECTOR = YES;
				GCC_WARN_UNINITIALIZED_AUTOS = YES_AGGRESSIVE;
				GCC_WARN_UNUSED_FUNCTION = YES;
				GCC_WARN_UNUSED_VARIABLE = YES;
				IPHONEOS_DEPLOYMENT_TARGET = 8.1;
				MTL_ENABLE_DEBUG_INFO = NO;
				SDKROOT = iphoneos;
				TARGETED_DEVICE_FAMILY = "1,2";
				VALIDATE_PRODUCT = YES;
			};
			name = Release;
		};
		03955EC81A7DEE080012A38D /* Debug */ = {
			isa = XCBuildConfiguration;
			buildSettings = {
				ASSETCATALOG_COMPILER_APPICON_NAME = AppIcon;
				INFOPLIST_FILE = jsonPost/Info.plist;
				LD_RUNPATH_SEARCH_PATHS = "$(inherited) @executable_path/Frameworks";
				PRODUCT_NAME = "$(TARGET_NAME)";
			};
			name = Debug;
		};
		03955EC91A7DEE080012A38D /* Release */ = {
			isa = XCBuildConfiguration;
			buildSettings = {
				ASSETCATALOG_COMPILER_APPICON_NAME = AppIcon;
				INFOPLIST_FILE = jsonPost/Info.plist;
				LD_RUNPATH_SEARCH_PATHS = "$(inherited) @executable_path/Frameworks";
				PRODUCT_NAME = "$(TARGET_NAME)";
			};
			name = Release;
		};
		03955ECB1A7DEE080012A38D /* Debug */ = {
			isa = XCBuildConfiguration;
			buildSettings = {
				BUNDLE_LOADER = "$(TEST_HOST)";
				FRAMEWORK_SEARCH_PATHS = (
					"$(SDKROOT)/Developer/Library/Frameworks",
					"$(inherited)",
				);
				GCC_PREPROCESSOR_DEFINITIONS = (
					"DEBUG=1",
					"$(inherited)",
				);
				INFOPLIST_FILE = jsonPostTests/Info.plist;
				LD_RUNPATH_SEARCH_PATHS = "$(inherited) @executable_path/Frameworks @loader_path/Frameworks";
				PRODUCT_NAME = "$(TARGET_NAME)";
				TEST_HOST = "$(BUILT_PRODUCTS_DIR)/jsonPost.app/jsonPost";
			};
			name = Debug;
		};
		03955ECC1A7DEE080012A38D /* Release */ = {
			isa = XCBuildConfiguration;
			buildSettings = {
				BUNDLE_LOADER = "$(TEST_HOST)";
				FRAMEWORK_SEARCH_PATHS = (
					"$(SDKROOT)/Developer/Library/Frameworks",
					"$(inherited)",
				);
				INFOPLIST_FILE = jsonPostTests/Info.plist;
				LD_RUNPATH_SEARCH_PATHS = "$(inherited) @executable_path/Frameworks @loader_path/Frameworks";
				PRODUCT_NAME = "$(TARGET_NAME)";
				TEST_HOST = "$(BUILT_PRODUCTS_DIR)/jsonPost.app/jsonPost";
			};
			name = Release;
		};
/* End XCBuildConfiguration section */

/* Begin XCConfigurationList section */
		03955EA31A7DEE080012A38D /* Build configuration list for PBXProject "jsonPost" */ = {
			isa = XCConfigurationList;
			buildConfigurations = (
				03955EC51A7DEE080012A38D /* Debug */,
				03955EC61A7DEE080012A38D /* Release */,
			);
			defaultConfigurationIsVisible = 0;
			defaultConfigurationName = Release;
		};
		03955EC71A7DEE080012A38D /* Build configuration list for PBXNativeTarget "jsonPost" */ = {
			isa = XCConfigurationList;
			buildConfigurations = (
				03955EC81A7DEE080012A38D /* Debug */,
				03955EC91A7DEE080012A38D /* Release */,
			);
			defaultConfigurationIsVisible = 0;
			defaultConfigurationName = Release;
		};
		03955ECA1A7DEE080012A38D /* Build configuration list for PBXNativeTarget "jsonPostTests" */ = {
			isa = XCConfigurationList;
			buildConfigurations = (
				03955ECB1A7DEE080012A38D /* Debug */,
				03955ECC1A7DEE080012A38D /* Release */,
			);
			defaultConfigurationIsVisible = 0;
			defaultConfigurationName = Release;
		};
/* End XCConfigurationList section */
	};
	rootObject = 03955EA01A7DEE080012A38D /* Project object */;
}
